// !$*UTF8*$!
{
	archiveVersion = 1;
	classes = {
	};
	objectVersion = 55;
	objects = {

/* Begin PBXBuildFile section */
		431482B328621E8F00C4A660 /* AppDelegate.swift in Sources */ = {isa = PBXBuildFile; fileRef = 431482B228621E8F00C4A660 /* AppDelegate.swift */; };
		431482B528621E8F00C4A660 /* SceneDelegate.swift in Sources */ = {isa = PBXBuildFile; fileRef = 431482B428621E8F00C4A660 /* SceneDelegate.swift */; };
		431482BC28621E9000C4A660 /* Assets.xcassets in Resources */ = {isa = PBXBuildFile; fileRef = 431482BB28621E9000C4A660 /* Assets.xcassets */; };
		431482BF28621E9000C4A660 /* LaunchScreen.storyboard in Resources */ = {isa = PBXBuildFile; fileRef = 431482BD28621E9000C4A660 /* LaunchScreen.storyboard */; };
		431482CA28621E9000C4A660 /* RocketsAppTests.swift in Sources */ = {isa = PBXBuildFile; fileRef = 431482C928621E9000C4A660 /* RocketsAppTests.swift */; };
		431482D428621E9000C4A660 /* RocketsAppUITests.swift in Sources */ = {isa = PBXBuildFile; fileRef = 431482D328621E9000C4A660 /* RocketsAppUITests.swift */; };
		431482D628621E9000C4A660 /* RocketsAppUITestsLaunchTests.swift in Sources */ = {isa = PBXBuildFile; fileRef = 431482D528621E9000C4A660 /* RocketsAppUITestsLaunchTests.swift */; };
		431482E528621EC400C4A660 /* Service.swift in Sources */ = {isa = PBXBuildFile; fileRef = 431482E428621EC400C4A660 /* Service.swift */; };
		431482E728621ED000C4A660 /* Constants.swift in Sources */ = {isa = PBXBuildFile; fileRef = 431482E628621ED000C4A660 /* Constants.swift */; };
		431482F428626AFA00C4A660 /* URL+Endpoints.swift in Sources */ = {isa = PBXBuildFile; fileRef = 431482F328626AFA00C4A660 /* URL+Endpoints.swift */; };
		431482F62862700800C4A660 /* Rocket.swift in Sources */ = {isa = PBXBuildFile; fileRef = 431482F52862700800C4A660 /* Rocket.swift */; };
		431482F8286270C200C4A660 /* Launch.swift in Sources */ = {isa = PBXBuildFile; fileRef = 431482F7286270C200C4A660 /* Launch.swift */; };
		4343A3B1286CF6F60069B53C /* UINavigationController.swift in Sources */ = {isa = PBXBuildFile; fileRef = 4343A3B0286CF6F60069B53C /* UINavigationController.swift */; };
		4343A3B3286CF96D0069B53C /* RocketScreenViewController.swift in Sources */ = {isa = PBXBuildFile; fileRef = 4343A3B2286CF96D0069B53C /* RocketScreenViewController.swift */; };
		4343A3B928776BB80069B53C /* SettingsCell.swift in Sources */ = {isa = PBXBuildFile; fileRef = 4343A3B828776BB80069B53C /* SettingsCell.swift */; };
		4343A3BB28776BE50069B53C /* SettingsTableViewController.swift in Sources */ = {isa = PBXBuildFile; fileRef = 4343A3BA28776BE50069B53C /* SettingsTableViewController.swift */; };
		4343A3BD287773960069B53C /* UserDefaultsManager.swift in Sources */ = {isa = PBXBuildFile; fileRef = 4343A3BC287773960069B53C /* UserDefaultsManager.swift */; };
		4343A3BF287854A80069B53C /* SettingsModel.swift in Sources */ = {isa = PBXBuildFile; fileRef = 4343A3BE287854A80069B53C /* SettingsModel.swift */; };
		78592A588D2468C71BD1A461 /* Pods_RocketsApp.framework in Frameworks */ = {isa = PBXBuildFile; fileRef = 8F0C3409A56024E5BF155B1A /* Pods_RocketsApp.framework */; };
/* End PBXBuildFile section */

/* Begin PBXContainerItemProxy section */
		431482C628621E9000C4A660 /* PBXContainerItemProxy */ = {
			isa = PBXContainerItemProxy;
			containerPortal = 431482A728621E8F00C4A660 /* Project object */;
			proxyType = 1;
			remoteGlobalIDString = 431482AE28621E8F00C4A660;
			remoteInfo = RocketsApp;
		};
		431482D028621E9000C4A660 /* PBXContainerItemProxy */ = {
			isa = PBXContainerItemProxy;
			containerPortal = 431482A728621E8F00C4A660 /* Project object */;
			proxyType = 1;
			remoteGlobalIDString = 431482AE28621E8F00C4A660;
			remoteInfo = RocketsApp;
		};
/* End PBXContainerItemProxy section */

/* Begin PBXFileReference section */
		431482B228621E8F00C4A660 /* AppDelegate.swift */ = {isa = PBXFileReference; lastKnownFileType = sourcecode.swift; path = AppDelegate.swift; sourceTree = "<group>"; };
		431482B428621E8F00C4A660 /* SceneDelegate.swift */ = {isa = PBXFileReference; lastKnownFileType = sourcecode.swift; path = SceneDelegate.swift; sourceTree = "<group>"; };
		431482BB28621E9000C4A660 /* Assets.xcassets */ = {isa = PBXFileReference; lastKnownFileType = folder.assetcatalog; path = Assets.xcassets; sourceTree = "<group>"; };
		431482BE28621E9000C4A660 /* Base */ = {isa = PBXFileReference; lastKnownFileType = file.storyboard; name = Base; path = Base.lproj/LaunchScreen.storyboard; sourceTree = "<group>"; };
		431482C028621E9000C4A660 /* Info.plist */ = {isa = PBXFileReference; lastKnownFileType = text.plist.xml; path = Info.plist; sourceTree = "<group>"; };
		431482C928621E9000C4A660 /* RocketsAppTests.swift */ = {isa = PBXFileReference; lastKnownFileType = sourcecode.swift; path = RocketsAppTests.swift; sourceTree = "<group>"; };
		431482D328621E9000C4A660 /* RocketsAppUITests.swift */ = {isa = PBXFileReference; lastKnownFileType = sourcecode.swift; path = RocketsAppUITests.swift; sourceTree = "<group>"; };
		431482D528621E9000C4A660 /* RocketsAppUITestsLaunchTests.swift */ = {isa = PBXFileReference; lastKnownFileType = sourcecode.swift; path = RocketsAppUITestsLaunchTests.swift; sourceTree = "<group>"; };
		431482E428621EC400C4A660 /* Service.swift */ = {isa = PBXFileReference; lastKnownFileType = sourcecode.swift; path = Service.swift; sourceTree = "<group>"; };
		431482E628621ED000C4A660 /* Constants.swift */ = {isa = PBXFileReference; lastKnownFileType = sourcecode.swift; path = Constants.swift; sourceTree = "<group>"; };
		431482F128623D1800C4A660 /* RocketsApp.app */ = {isa = PBXFileReference; explicitFileType = wrapper.application; includeInIndex = 0; path = RocketsApp.app; sourceTree = BUILT_PRODUCTS_DIR; };
		431482F328626AFA00C4A660 /* URL+Endpoints.swift */ = {isa = PBXFileReference; lastKnownFileType = sourcecode.swift; path = "URL+Endpoints.swift"; sourceTree = "<group>"; };
		431482F52862700800C4A660 /* Rocket.swift */ = {isa = PBXFileReference; lastKnownFileType = sourcecode.swift; path = Rocket.swift; sourceTree = "<group>"; };
		431482F7286270C200C4A660 /* Launch.swift */ = {isa = PBXFileReference; lastKnownFileType = sourcecode.swift; path = Launch.swift; sourceTree = "<group>"; };
		431482FF286CCCB900C4A660 /* RocketsAppTests.xctest */ = {isa = PBXFileReference; explicitFileType = wrapper.cfbundle; includeInIndex = 0; path = RocketsAppTests.xctest; sourceTree = BUILT_PRODUCTS_DIR; };
		43148300286CCCB900C4A660 /* RocketsAppUITests.xctest */ = {isa = PBXFileReference; explicitFileType = wrapper.cfbundle; includeInIndex = 0; path = RocketsAppUITests.xctest; sourceTree = BUILT_PRODUCTS_DIR; };
		4343A3B0286CF6F60069B53C /* UINavigationController.swift */ = {isa = PBXFileReference; lastKnownFileType = sourcecode.swift; path = UINavigationController.swift; sourceTree = "<group>"; };
		4343A3B2286CF96D0069B53C /* RocketScreenViewController.swift */ = {isa = PBXFileReference; lastKnownFileType = sourcecode.swift; path = RocketScreenViewController.swift; sourceTree = "<group>"; };
		4343A3B828776BB80069B53C /* SettingsCell.swift */ = {isa = PBXFileReference; lastKnownFileType = sourcecode.swift; path = SettingsCell.swift; sourceTree = "<group>"; };
		4343A3BA28776BE50069B53C /* SettingsTableViewController.swift */ = {isa = PBXFileReference; lastKnownFileType = sourcecode.swift; path = SettingsTableViewController.swift; sourceTree = "<group>"; };
		4343A3BC287773960069B53C /* UserDefaultsManager.swift */ = {isa = PBXFileReference; lastKnownFileType = sourcecode.swift; path = UserDefaultsManager.swift; sourceTree = "<group>"; };
		4343A3BE287854A80069B53C /* SettingsModel.swift */ = {isa = PBXFileReference; lastKnownFileType = sourcecode.swift; path = SettingsModel.swift; sourceTree = "<group>"; };
		8F0C3409A56024E5BF155B1A /* Pods_RocketsApp.framework */ = {isa = PBXFileReference; explicitFileType = wrapper.framework; includeInIndex = 0; path = Pods_RocketsApp.framework; sourceTree = BUILT_PRODUCTS_DIR; };
		CBB5A38601361B7F9FA0CB7D /* Pods-RocketsApp.release.xcconfig */ = {isa = PBXFileReference; includeInIndex = 1; lastKnownFileType = text.xcconfig; name = "Pods-RocketsApp.release.xcconfig"; path = "Target Support Files/Pods-RocketsApp/Pods-RocketsApp.release.xcconfig"; sourceTree = "<group>"; };
		D9440333F10C27621B3BEF67 /* Pods-RocketsApp.debug.xcconfig */ = {isa = PBXFileReference; includeInIndex = 1; lastKnownFileType = text.xcconfig; name = "Pods-RocketsApp.debug.xcconfig"; path = "Target Support Files/Pods-RocketsApp/Pods-RocketsApp.debug.xcconfig"; sourceTree = "<group>"; };
/* End PBXFileReference section */

/* Begin PBXFrameworksBuildPhase section */
		431482AC28621E8F00C4A660 /* Frameworks */ = {
			isa = PBXFrameworksBuildPhase;
			buildActionMask = 2147483647;
			files = (
				78592A588D2468C71BD1A461 /* Pods_RocketsApp.framework in Frameworks */,
			);
			runOnlyForDeploymentPostprocessing = 0;
		};
		431482C228621E9000C4A660 /* Frameworks */ = {
			isa = PBXFrameworksBuildPhase;
			buildActionMask = 2147483647;
			files = (
			);
			runOnlyForDeploymentPostprocessing = 0;
		};
		431482CC28621E9000C4A660 /* Frameworks */ = {
			isa = PBXFrameworksBuildPhase;
			buildActionMask = 2147483647;
			files = (
			);
			runOnlyForDeploymentPostprocessing = 0;
		};
/* End PBXFrameworksBuildPhase section */

/* Begin PBXGroup section */
		05EFE1D6B25FC7B1405F8840 /* Frameworks */ = {
			isa = PBXGroup;
			children = (
				8F0C3409A56024E5BF155B1A /* Pods_RocketsApp.framework */,
			);
			name = Frameworks;
			sourceTree = "<group>";
		};
		431482A628621E8F00C4A660 = {
			isa = PBXGroup;
			children = (
				431482B128621E8F00C4A660 /* RocketsApp */,
				431482C828621E9000C4A660 /* RocketsAppTests */,
				431482D228621E9000C4A660 /* RocketsAppUITests */,
				4C7CEC7119C483E1A33A3A85 /* Pods */,
				05EFE1D6B25FC7B1405F8840 /* Frameworks */,
				431482F128623D1800C4A660 /* RocketsApp.app */,
				431482FF286CCCB900C4A660 /* RocketsAppTests.xctest */,
				43148300286CCCB900C4A660 /* RocketsAppUITests.xctest */,
			);
			sourceTree = "<group>";
		};
		431482B128621E8F00C4A660 /* RocketsApp */ = {
			isa = PBXGroup;
			children = (
				431482E228621EAD00C4A660 /* Network */,
				431482B228621E8F00C4A660 /* AppDelegate.swift */,
				431482B428621E8F00C4A660 /* SceneDelegate.swift */,
				431482BB28621E9000C4A660 /* Assets.xcassets */,
				431482BD28621E9000C4A660 /* LaunchScreen.storyboard */,
				431482C028621E9000C4A660 /* Info.plist */,
				4343A3B0286CF6F60069B53C /* UINavigationController.swift */,
				4343A3B2286CF96D0069B53C /* RocketScreenViewController.swift */,
				4343A3B828776BB80069B53C /* SettingsCell.swift */,
				4343A3BE287854A80069B53C /* SettingsModel.swift */,
				4343A3BA28776BE50069B53C /* SettingsTableViewController.swift */,
				4343A3BC287773960069B53C /* UserDefaultsManager.swift */,
			);
			path = RocketsApp;
			sourceTree = "<group>";
		};
		431482C828621E9000C4A660 /* RocketsAppTests */ = {
			isa = PBXGroup;
			children = (
				431482C928621E9000C4A660 /* RocketsAppTests.swift */,
			);
			path = RocketsAppTests;
			sourceTree = "<group>";
		};
		431482D228621E9000C4A660 /* RocketsAppUITests */ = {
			isa = PBXGroup;
			children = (
				431482D328621E9000C4A660 /* RocketsAppUITests.swift */,
				431482D528621E9000C4A660 /* RocketsAppUITestsLaunchTests.swift */,
			);
			path = RocketsAppUITests;
			sourceTree = "<group>";
		};
		431482E228621EAD00C4A660 /* Network */ = {
			isa = PBXGroup;
			children = (
				431482F228626AD800C4A660 /* Extensions */,
				431482E82862205D00C4A660 /* Models */,
				431482E428621EC400C4A660 /* Service.swift */,
				431482E628621ED000C4A660 /* Constants.swift */,
			);
			path = Network;
			sourceTree = "<group>";
		};
		431482E82862205D00C4A660 /* Models */ = {
			isa = PBXGroup;
			children = (
				431482F52862700800C4A660 /* Rocket.swift */,
				431482F7286270C200C4A660 /* Launch.swift */,
			);
			path = Models;
			sourceTree = "<group>";
		};
		431482F228626AD800C4A660 /* Extensions */ = {
			isa = PBXGroup;
			children = (
				431482F328626AFA00C4A660 /* URL+Endpoints.swift */,
			);
			path = Extensions;
			sourceTree = "<group>";
		};
		4C7CEC7119C483E1A33A3A85 /* Pods */ = {
			isa = PBXGroup;
			children = (
				D9440333F10C27621B3BEF67 /* Pods-RocketsApp.debug.xcconfig */,
				CBB5A38601361B7F9FA0CB7D /* Pods-RocketsApp.release.xcconfig */,
			);
			path = Pods;
			sourceTree = "<group>";
		};
/* End PBXGroup section */

/* Begin PBXNativeTarget section */
		431482AE28621E8F00C4A660 /* RocketsApp */ = {
			isa = PBXNativeTarget;
			buildConfigurationList = 431482D928621E9000C4A660 /* Build configuration list for PBXNativeTarget "RocketsApp" */;
			buildPhases = (
				DD91EDABA418735F88C40277 /* [CP] Check Pods Manifest.lock */,
				431482AB28621E8F00C4A660 /* Sources */,
				431482AC28621E8F00C4A660 /* Frameworks */,
				431482AD28621E8F00C4A660 /* Resources */,
				A37B0363B78702A35E5A6D3A /* [CP] Embed Pods Frameworks */,
			);
			buildRules = (
			);
			dependencies = (
			);
			name = RocketsApp;
			productName = RocketsApp;
			productReference = 431482F128623D1800C4A660 /* RocketsApp.app */;
			productType = "com.apple.product-type.application";
		};
		431482C428621E9000C4A660 /* RocketsAppTests */ = {
			isa = PBXNativeTarget;
			buildConfigurationList = 431482DC28621E9000C4A660 /* Build configuration list for PBXNativeTarget "RocketsAppTests" */;
			buildPhases = (
				431482C128621E9000C4A660 /* Sources */,
				431482C228621E9000C4A660 /* Frameworks */,
				431482C328621E9000C4A660 /* Resources */,
			);
			buildRules = (
			);
			dependencies = (
				431482C728621E9000C4A660 /* PBXTargetDependency */,
			);
			name = RocketsAppTests;
			productName = RocketsAppTests;
			productReference = 431482FF286CCCB900C4A660 /* RocketsAppTests.xctest */;
			productType = "com.apple.product-type.bundle.unit-test";
		};
		431482CE28621E9000C4A660 /* RocketsAppUITests */ = {
			isa = PBXNativeTarget;
			buildConfigurationList = 431482DF28621E9000C4A660 /* Build configuration list for PBXNativeTarget "RocketsAppUITests" */;
			buildPhases = (
				431482CB28621E9000C4A660 /* Sources */,
				431482CC28621E9000C4A660 /* Frameworks */,
				431482CD28621E9000C4A660 /* Resources */,
			);
			buildRules = (
			);
			dependencies = (
				431482D128621E9000C4A660 /* PBXTargetDependency */,
			);
			name = RocketsAppUITests;
			productName = RocketsAppUITests;
			productReference = 43148300286CCCB900C4A660 /* RocketsAppUITests.xctest */;
			productType = "com.apple.product-type.bundle.ui-testing";
		};
/* End PBXNativeTarget section */

/* Begin PBXProject section */
		431482A728621E8F00C4A660 /* Project object */ = {
			isa = PBXProject;
			attributes = {
				BuildIndependentTargetsInParallel = 1;
				LastSwiftUpdateCheck = 1330;
				LastUpgradeCheck = 1330;
				TargetAttributes = {
					431482AE28621E8F00C4A660 = {
						CreatedOnToolsVersion = 13.3.1;
					};
					431482C428621E9000C4A660 = {
						CreatedOnToolsVersion = 13.3.1;
						TestTargetID = 431482AE28621E8F00C4A660;
					};
					431482CE28621E9000C4A660 = {
						CreatedOnToolsVersion = 13.3.1;
						TestTargetID = 431482AE28621E8F00C4A660;
					};
				};
			};
			buildConfigurationList = 431482AA28621E8F00C4A660 /* Build configuration list for PBXProject "RocketsApp" */;
			compatibilityVersion = "Xcode 13.0";
			developmentRegion = en;
			hasScannedForEncodings = 0;
			knownRegions = (
				en,
				Base,
			);
			mainGroup = 431482A628621E8F00C4A660;
			productRefGroup = 431482A628621E8F00C4A660;
			projectDirPath = "";
			projectRoot = "";
			targets = (
				431482AE28621E8F00C4A660 /* RocketsApp */,
				431482C428621E9000C4A660 /* RocketsAppTests */,
				431482CE28621E9000C4A660 /* RocketsAppUITests */,
			);
		};
/* End PBXProject section */

/* Begin PBXResourcesBuildPhase section */
		431482AD28621E8F00C4A660 /* Resources */ = {
			isa = PBXResourcesBuildPhase;
			buildActionMask = 2147483647;
			files = (
				431482BF28621E9000C4A660 /* LaunchScreen.storyboard in Resources */,
				431482BC28621E9000C4A660 /* Assets.xcassets in Resources */,
			);
			runOnlyForDeploymentPostprocessing = 0;
		};
		431482C328621E9000C4A660 /* Resources */ = {
			isa = PBXResourcesBuildPhase;
			buildActionMask = 2147483647;
			files = (
			);
			runOnlyForDeploymentPostprocessing = 0;
		};
		431482CD28621E9000C4A660 /* Resources */ = {
			isa = PBXResourcesBuildPhase;
			buildActionMask = 2147483647;
			files = (
			);
			runOnlyForDeploymentPostprocessing = 0;
		};
/* End PBXResourcesBuildPhase section */

/* Begin PBXShellScriptBuildPhase section */
		A37B0363B78702A35E5A6D3A /* [CP] Embed Pods Frameworks */ = {
			isa = PBXShellScriptBuildPhase;
			buildActionMask = 2147483647;
			files = (
			);
			inputFileListPaths = (
				"${PODS_ROOT}/Target Support Files/Pods-RocketsApp/Pods-RocketsApp-frameworks-${CONFIGURATION}-input-files.xcfilelist",
			);
			name = "[CP] Embed Pods Frameworks";
			outputFileListPaths = (
				"${PODS_ROOT}/Target Support Files/Pods-RocketsApp/Pods-RocketsApp-frameworks-${CONFIGURATION}-output-files.xcfilelist",
			);
			runOnlyForDeploymentPostprocessing = 0;
			shellPath = /bin/sh;
			shellScript = "\"${PODS_ROOT}/Target Support Files/Pods-RocketsApp/Pods-RocketsApp-frameworks.sh\"\n";
			showEnvVarsInLog = 0;
		};
		DD91EDABA418735F88C40277 /* [CP] Check Pods Manifest.lock */ = {
			isa = PBXShellScriptBuildPhase;
			buildActionMask = 2147483647;
			files = (
			);
			inputFileListPaths = (
			);
			inputPaths = (
				"${PODS_PODFILE_DIR_PATH}/Podfile.lock",
				"${PODS_ROOT}/Manifest.lock",
			);
			name = "[CP] Check Pods Manifest.lock";
			outputFileListPaths = (
			);
			outputPaths = (
				"$(DERIVED_FILE_DIR)/Pods-RocketsApp-checkManifestLockResult.txt",
			);
			runOnlyForDeploymentPostprocessing = 0;
			shellPath = /bin/sh;
			shellScript = "diff \"${PODS_PODFILE_DIR_PATH}/Podfile.lock\" \"${PODS_ROOT}/Manifest.lock\" > /dev/null\nif [ $? != 0 ] ; then\n    # print error to STDERR\n    echo \"error: The sandbox is not in sync with the Podfile.lock. Run 'pod install' or update your CocoaPods installation.\" >&2\n    exit 1\nfi\n# This output is used by Xcode 'outputs' to avoid re-running this script phase.\necho \"SUCCESS\" > \"${SCRIPT_OUTPUT_FILE_0}\"\n";
			showEnvVarsInLog = 0;
		};
/* End PBXShellScriptBuildPhase section */

/* Begin PBXSourcesBuildPhase section */
		431482AB28621E8F00C4A660 /* Sources */ = {
			isa = PBXSourcesBuildPhase;
			buildActionMask = 2147483647;
			files = (
				431482F62862700800C4A660 /* Rocket.swift in Sources */,
				431482E728621ED000C4A660 /* Constants.swift in Sources */,
				4343A3BD287773960069B53C /* UserDefaultsManager.swift in Sources */,
				4343A3B3286CF96D0069B53C /* RocketScreenViewController.swift in Sources */,
				431482F8286270C200C4A660 /* Launch.swift in Sources */,
				431482E528621EC400C4A660 /* Service.swift in Sources */,
				431482B328621E8F00C4A660 /* AppDelegate.swift in Sources */,
				4343A3B1286CF6F60069B53C /* UINavigationController.swift in Sources */,
				431482F428626AFA00C4A660 /* URL+Endpoints.swift in Sources */,
				431482B528621E8F00C4A660 /* SceneDelegate.swift in Sources */,
				4343A3BB28776BE50069B53C /* SettingsTableViewController.swift in Sources */,
				4343A3B928776BB80069B53C /* SettingsCell.swift in Sources */,
				4343A3BF287854A80069B53C /* SettingsModel.swift in Sources */,
			);
			runOnlyForDeploymentPostprocessing = 0;
		};
		431482C128621E9000C4A660 /* Sources */ = {
			isa = PBXSourcesBuildPhase;
			buildActionMask = 2147483647;
			files = (
				431482CA28621E9000C4A660 /* RocketsAppTests.swift in Sources */,
			);
			runOnlyForDeploymentPostprocessing = 0;
		};
		431482CB28621E9000C4A660 /* Sources */ = {
			isa = PBXSourcesBuildPhase;
			buildActionMask = 2147483647;
			files = (
				431482D628621E9000C4A660 /* RocketsAppUITestsLaunchTests.swift in Sources */,
				431482D428621E9000C4A660 /* RocketsAppUITests.swift in Sources */,
			);
			runOnlyForDeploymentPostprocessing = 0;
		};
/* End PBXSourcesBuildPhase section */

/* Begin PBXTargetDependency section */
		431482C728621E9000C4A660 /* PBXTargetDependency */ = {
			isa = PBXTargetDependency;
			target = 431482AE28621E8F00C4A660 /* RocketsApp */;
			targetProxy = 431482C628621E9000C4A660 /* PBXContainerItemProxy */;
		};
		431482D128621E9000C4A660 /* PBXTargetDependency */ = {
			isa = PBXTargetDependency;
			target = 431482AE28621E8F00C4A660 /* RocketsApp */;
			targetProxy = 431482D028621E9000C4A660 /* PBXContainerItemProxy */;
		};
/* End PBXTargetDependency section */

/* Begin PBXVariantGroup section */
		431482BD28621E9000C4A660 /* LaunchScreen.storyboard */ = {
			isa = PBXVariantGroup;
			children = (
				431482BE28621E9000C4A660 /* Base */,
			);
			name = LaunchScreen.storyboard;
			sourceTree = "<group>";
		};
/* End PBXVariantGroup section */

/* Begin XCBuildConfiguration section */
		431482D728621E9000C4A660 /* Debug */ = {
			isa = XCBuildConfiguration;
			buildSettings = {
				ALWAYS_SEARCH_USER_PATHS = NO;
				CLANG_ANALYZER_NONNULL = YES;
				CLANG_ANALYZER_NUMBER_OBJECT_CONVERSION = YES_AGGRESSIVE;
				CLANG_CXX_LANGUAGE_STANDARD = "gnu++17";
				CLANG_ENABLE_MODULES = YES;
				CLANG_ENABLE_OBJC_ARC = YES;
				CLANG_ENABLE_OBJC_WEAK = YES;
				CLANG_WARN_BLOCK_CAPTURE_AUTORELEASING = YES;
				CLANG_WARN_BOOL_CONVERSION = YES;
				CLANG_WARN_COMMA = YES;
				CLANG_WARN_CONSTANT_CONVERSION = YES;
				CLANG_WARN_DEPRECATED_OBJC_IMPLEMENTATIONS = YES;
				CLANG_WARN_DIRECT_OBJC_ISA_USAGE = YES_ERROR;
				CLANG_WARN_DOCUMENTATION_COMMENTS = YES;
				CLANG_WARN_EMPTY_BODY = YES;
				CLANG_WARN_ENUM_CONVERSION = YES;
				CLANG_WARN_INFINITE_RECURSION = YES;
				CLANG_WARN_INT_CONVERSION = YES;
				CLANG_WARN_NON_LITERAL_NULL_CONVERSION = YES;
				CLANG_WARN_OBJC_IMPLICIT_RETAIN_SELF = YES;
				CLANG_WARN_OBJC_LITERAL_CONVERSION = YES;
				CLANG_WARN_OBJC_ROOT_CLASS = YES_ERROR;
				CLANG_WARN_QUOTED_INCLUDE_IN_FRAMEWORK_HEADER = YES;
				CLANG_WARN_RANGE_LOOP_ANALYSIS = YES;
				CLANG_WARN_STRICT_PROTOTYPES = YES;
				CLANG_WARN_SUSPICIOUS_MOVE = YES;
				CLANG_WARN_UNGUARDED_AVAILABILITY = YES_AGGRESSIVE;
				CLANG_WARN_UNREACHABLE_CODE = YES;
				CLANG_WARN__DUPLICATE_METHOD_MATCH = YES;
				COPY_PHASE_STRIP = NO;
				DEBUG_INFORMATION_FORMAT = dwarf;
				ENABLE_STRICT_OBJC_MSGSEND = YES;
				ENABLE_TESTABILITY = YES;
				GCC_C_LANGUAGE_STANDARD = gnu11;
				GCC_DYNAMIC_NO_PIC = NO;
				GCC_NO_COMMON_BLOCKS = YES;
				GCC_OPTIMIZATION_LEVEL = 0;
				GCC_PREPROCESSOR_DEFINITIONS = (
					"DEBUG=1",
					"$(inherited)",
				);
				GCC_WARN_64_TO_32_BIT_CONVERSION = YES;
				GCC_WARN_ABOUT_RETURN_TYPE = YES_ERROR;
				GCC_WARN_UNDECLARED_SELECTOR = YES;
				GCC_WARN_UNINITIALIZED_AUTOS = YES_AGGRESSIVE;
				GCC_WARN_UNUSED_FUNCTION = YES;
				GCC_WARN_UNUSED_VARIABLE = YES;
				IPHONEOS_DEPLOYMENT_TARGET = 15.4;
				MTL_ENABLE_DEBUG_INFO = INCLUDE_SOURCE;
				MTL_FAST_MATH = YES;
				ONLY_ACTIVE_ARCH = YES;
				SDKROOT = iphoneos;
				SWIFT_ACTIVE_COMPILATION_CONDITIONS = DEBUG;
				SWIFT_OPTIMIZATION_LEVEL = "-Onone";
			};
			name = Debug;
		};
		431482D828621E9000C4A660 /* Release */ = {
			isa = XCBuildConfiguration;
			buildSettings = {
				ALWAYS_SEARCH_USER_PATHS = NO;
				CLANG_ANALYZER_NONNULL = YES;
				CLANG_ANALYZER_NUMBER_OBJECT_CONVERSION = YES_AGGRESSIVE;
				CLANG_CXX_LANGUAGE_STANDARD = "gnu++17";
				CLANG_ENABLE_MODULES = YES;
				CLANG_ENABLE_OBJC_ARC = YES;
				CLANG_ENABLE_OBJC_WEAK = YES;
				CLANG_WARN_BLOCK_CAPTURE_AUTORELEASING = YES;
				CLANG_WARN_BOOL_CONVERSION = YES;
				CLANG_WARN_COMMA = YES;
				CLANG_WARN_CONSTANT_CONVERSION = YES;
				CLANG_WARN_DEPRECATED_OBJC_IMPLEMENTATIONS = YES;
				CLANG_WARN_DIRECT_OBJC_ISA_USAGE = YES_ERROR;
				CLANG_WARN_DOCUMENTATION_COMMENTS = YES;
				CLANG_WARN_EMPTY_BODY = YES;
				CLANG_WARN_ENUM_CONVERSION = YES;
				CLANG_WARN_INFINITE_RECURSION = YES;
				CLANG_WARN_INT_CONVERSION = YES;
				CLANG_WARN_NON_LITERAL_NULL_CONVERSION = YES;
				CLANG_WARN_OBJC_IMPLICIT_RETAIN_SELF = YES;
				CLANG_WARN_OBJC_LITERAL_CONVERSION = YES;
				CLANG_WARN_OBJC_ROOT_CLASS = YES_ERROR;
				CLANG_WARN_QUOTED_INCLUDE_IN_FRAMEWORK_HEADER = YES;
				CLANG_WARN_RANGE_LOOP_ANALYSIS = YES;
				CLANG_WARN_STRICT_PROTOTYPES = YES;
				CLANG_WARN_SUSPICIOUS_MOVE = YES;
				CLANG_WARN_UNGUARDED_AVAILABILITY = YES_AGGRESSIVE;
				CLANG_WARN_UNREACHABLE_CODE = YES;
				CLANG_WARN__DUPLICATE_METHOD_MATCH = YES;
				COPY_PHASE_STRIP = NO;
				DEBUG_INFORMATION_FORMAT = "dwarf-with-dsym";
				ENABLE_NS_ASSERTIONS = NO;
				ENABLE_STRICT_OBJC_MSGSEND = YES;
				GCC_C_LANGUAGE_STANDARD = gnu11;
				GCC_NO_COMMON_BLOCKS = YES;
				GCC_WARN_64_TO_32_BIT_CONVERSION = YES;
				GCC_WARN_ABOUT_RETURN_TYPE = YES_ERROR;
				GCC_WARN_UNDECLARED_SELECTOR = YES;
				GCC_WARN_UNINITIALIZED_AUTOS = YES_AGGRESSIVE;
				GCC_WARN_UNUSED_FUNCTION = YES;
				GCC_WARN_UNUSED_VARIABLE = YES;
				IPHONEOS_DEPLOYMENT_TARGET = 15.4;
				MTL_ENABLE_DEBUG_INFO = NO;
				MTL_FAST_MATH = YES;
				SDKROOT = iphoneos;
				SWIFT_COMPILATION_MODE = wholemodule;
				SWIFT_OPTIMIZATION_LEVEL = "-O";
				VALIDATE_PRODUCT = YES;
			};
			name = Release;
		};
		431482DA28621E9000C4A660 /* Debug */ = {
			isa = XCBuildConfiguration;
			baseConfigurationReference = D9440333F10C27621B3BEF67 /* Pods-RocketsApp.debug.xcconfig */;
			buildSettings = {
				ASSETCATALOG_COMPILER_APPICON_NAME = AppIcon;
				ASSETCATALOG_COMPILER_GLOBAL_ACCENT_COLOR_NAME = AccentColor;
				CODE_SIGN_STYLE = Automatic;
				CURRENT_PROJECT_VERSION = 1;
				DEVELOPMENT_TEAM = WCJD5PNA55;
				GENERATE_INFOPLIST_FILE = YES;
				INFOPLIST_FILE = RocketsApp/Info.plist;
				INFOPLIST_KEY_UIApplicationSupportsIndirectInputEvents = YES;
				INFOPLIST_KEY_UILaunchStoryboardName = LaunchScreen;
				INFOPLIST_KEY_UISupportedInterfaceOrientations_iPad = "UIInterfaceOrientationPortrait UIInterfaceOrientationPortraitUpsideDown UIInterfaceOrientationLandscapeLeft UIInterfaceOrientationLandscapeRight";
				INFOPLIST_KEY_UISupportedInterfaceOrientations_iPhone = UIInterfaceOrientationPortrait;
				LD_RUNPATH_SEARCH_PATHS = (
					"$(inherited)",
					"@executable_path/Frameworks",
				);
				MARKETING_VERSION = 1.0;
				PRODUCT_BUNDLE_IDENTIFIER = kirill.privalov.com.RocketsApp;
				PRODUCT_NAME = "$(TARGET_NAME)";
				SWIFT_EMIT_LOC_STRINGS = YES;
				SWIFT_VERSION = 5.0;
				TARGETED_DEVICE_FAMILY = 1;
			};
			name = Debug;
		};
		431482DB28621E9000C4A660 /* Release */ = {
			isa = XCBuildConfiguration;
			baseConfigurationReference = CBB5A38601361B7F9FA0CB7D /* Pods-RocketsApp.release.xcconfig */;
			buildSettings = {
				ASSETCATALOG_COMPILER_APPICON_NAME = AppIcon;
				ASSETCATALOG_COMPILER_GLOBAL_ACCENT_COLOR_NAME = AccentColor;
				CODE_SIGN_STYLE = Automatic;
				CURRENT_PROJECT_VERSION = 1;
				DEVELOPMENT_TEAM = WCJD5PNA55;
				GENERATE_INFOPLIST_FILE = YES;
				INFOPLIST_FILE = RocketsApp/Info.plist;
				INFOPLIST_KEY_UIApplicationSupportsIndirectInputEvents = YES;
				INFOPLIST_KEY_UILaunchStoryboardName = LaunchScreen;
				INFOPLIST_KEY_UISupportedInterfaceOrientations_iPad = "UIInterfaceOrientationPortrait UIInterfaceOrientationPortraitUpsideDown UIInterfaceOrientationLandscapeLeft UIInterfaceOrientationLandscapeRight";
				INFOPLIST_KEY_UISupportedInterfaceOrientations_iPhone = UIInterfaceOrientationPortrait;
				LD_RUNPATH_SEARCH_PATHS = (
					"$(inherited)",
					"@executable_path/Frameworks",
				);
				MARKETING_VERSION = 1.0;
				PRODUCT_BUNDLE_IDENTIFIER = kirill.privalov.com.RocketsApp;
				PRODUCT_NAME = "$(TARGET_NAME)";
				SWIFT_EMIT_LOC_STRINGS = YES;
				SWIFT_VERSION = 5.0;
				TARGETED_DEVICE_FAMILY = 1;
			};
			name = Release;
		};
		431482DD28621E9000C4A660 /* Debug */ = {
			isa = XCBuildConfiguration;
			buildSettings = {
				ALWAYS_EMBED_SWIFT_STANDARD_LIBRARIES = YES;
				BUNDLE_LOADER = "$(TEST_HOST)";
				CODE_SIGN_STYLE = Automatic;
				CURRENT_PROJECT_VERSION = 1;
				DEVELOPMENT_TEAM = WCJD5PNA55;
				GENERATE_INFOPLIST_FILE = YES;
				IPHONEOS_DEPLOYMENT_TARGET = 15.4;
				MARKETING_VERSION = 1.0;
				PRODUCT_BUNDLE_IDENTIFIER = kirill.privalov.com.RocketsAppTests;
				PRODUCT_NAME = "$(TARGET_NAME)";
				SWIFT_EMIT_LOC_STRINGS = NO;
				SWIFT_VERSION = 5.0;
				TARGETED_DEVICE_FAMILY = "1,2";
				TEST_HOST = "$(BUILT_PRODUCTS_DIR)/RocketsApp.app/RocketsApp";
			};
			name = Debug;
		};
		431482DE28621E9000C4A660 /* Release */ = {
			isa = XCBuildConfiguration;
			buildSettings = {
				ALWAYS_EMBED_SWIFT_STANDARD_LIBRARIES = YES;
				BUNDLE_LOADER = "$(TEST_HOST)";
				CODE_SIGN_STYLE = Automatic;
				CURRENT_PROJECT_VERSION = 1;
				DEVELOPMENT_TEAM = WCJD5PNA55;
				GENERATE_INFOPLIST_FILE = YES;
				IPHONEOS_DEPLOYMENT_TARGET = 15.4;
				MARKETING_VERSION = 1.0;
				PRODUCT_BUNDLE_IDENTIFIER = kirill.privalov.com.RocketsAppTests;
				PRODUCT_NAME = "$(TARGET_NAME)";
				SWIFT_EMIT_LOC_STRINGS = NO;
				SWIFT_VERSION = 5.0;
				TARGETED_DEVICE_FAMILY = "1,2";
				TEST_HOST = "$(BUILT_PRODUCTS_DIR)/RocketsApp.app/RocketsApp";
			};
			name = Release;
		};
		431482E028621E9000C4A660 /* Debug */ = {
			isa = XCBuildConfiguration;
			buildSettings = {
				ALWAYS_EMBED_SWIFT_STANDARD_LIBRARIES = YES;
				CODE_SIGN_STYLE = Automatic;
				CURRENT_PROJECT_VERSION = 1;
				DEVELOPMENT_TEAM = WCJD5PNA55;
				GENERATE_INFOPLIST_FILE = YES;
				MARKETING_VERSION = 1.0;
				PRODUCT_BUNDLE_IDENTIFIER = kirill.privalov.com.RocketsAppUITests;
				PRODUCT_NAME = "$(TARGET_NAME)";
				SWIFT_EMIT_LOC_STRINGS = NO;
				SWIFT_VERSION = 5.0;
				TARGETED_DEVICE_FAMILY = "1,2";
				TEST_TARGET_NAME = RocketsApp;
			};
			name = Debug;
		};
		431482E128621E9000C4A660 /* Release */ = {
			isa = XCBuildConfiguration;
			buildSettings = {
				ALWAYS_EMBED_SWIFT_STANDARD_LIBRARIES = YES;
				CODE_SIGN_STYLE = Automatic;
				CURRENT_PROJECT_VERSION = 1;
				DEVELOPMENT_TEAM = WCJD5PNA55;
				GENERATE_INFOPLIST_FILE = YES;
				MARKETING_VERSION = 1.0;
				PRODUCT_BUNDLE_IDENTIFIER = kirill.privalov.com.RocketsAppUITests;
				PRODUCT_NAME = "$(TARGET_NAME)";
				SWIFT_EMIT_LOC_STRINGS = NO;
				SWIFT_VERSION = 5.0;
				TARGETED_DEVICE_FAMILY = "1,2";
				TEST_TARGET_NAME = RocketsApp;
			};
			name = Release;
		};
/* End XCBuildConfiguration section */

/* Begin XCConfigurationList section */
		431482AA28621E8F00C4A660 /* Build configuration list for PBXProject "RocketsApp" */ = {
			isa = XCConfigurationList;
			buildConfigurations = (
				431482D728621E9000C4A660 /* Debug */,
				431482D828621E9000C4A660 /* Release */,
			);
			defaultConfigurationIsVisible = 0;
			defaultConfigurationName = Release;
		};
		431482D928621E9000C4A660 /* Build configuration list for PBXNativeTarget "RocketsApp" */ = {
			isa = XCConfigurationList;
			buildConfigurations = (
				431482DA28621E9000C4A660 /* Debug */,
				431482DB28621E9000C4A660 /* Release */,
			);
			defaultConfigurationIsVisible = 0;
			defaultConfigurationName = Release;
		};
		431482DC28621E9000C4A660 /* Build configuration list for PBXNativeTarget "RocketsAppTests" */ = {
			isa = XCConfigurationList;
			buildConfigurations = (
				431482DD28621E9000C4A660 /* Debug */,
				431482DE28621E9000C4A660 /* Release */,
			);
			defaultConfigurationIsVisible = 0;
			defaultConfigurationName = Release;
		};
		431482DF28621E9000C4A660 /* Build configuration list for PBXNativeTarget "RocketsAppUITests" */ = {
			isa = XCConfigurationList;
			buildConfigurations = (
				431482E028621E9000C4A660 /* Debug */,
				431482E128621E9000C4A660 /* Release */,
			);
			defaultConfigurationIsVisible = 0;
			defaultConfigurationName = Release;
		};
/* End XCConfigurationList section */
	};
	rootObject = 431482A728621E8F00C4A660 /* Project object */;
}
